// !$*UTF8*$!
{
	archiveVersion = 1;
	classes = {
	};
	objectVersion = 50;
	objects = {

/* Begin PBXBuildFile section */
		6834E5D7231FFB7500A59574 /* AppDelegate.swift in Sources */ = {isa = PBXBuildFile; fileRef = 6834E5D6231FFB7500A59574 /* AppDelegate.swift */; };
		6834E5D9231FFB7500A59574 /* SceneDelegate.swift in Sources */ = {isa = PBXBuildFile; fileRef = 6834E5D8231FFB7500A59574 /* SceneDelegate.swift */; };
		6834E5DB231FFB7500A59574 /* ViewController.swift in Sources */ = {isa = PBXBuildFile; fileRef = 6834E5DA231FFB7500A59574 /* ViewController.swift */; };
		6834E5DE231FFB7500A59574 /* Main.storyboard in Resources */ = {isa = PBXBuildFile; fileRef = 6834E5DC231FFB7500A59574 /* Main.storyboard */; };
		6834E5E0231FFB7600A59574 /* Assets.xcassets in Resources */ = {isa = PBXBuildFile; fileRef = 6834E5DF231FFB7600A59574 /* Assets.xcassets */; };
		6834E5E3231FFB7600A59574 /* LaunchScreen.storyboard in Resources */ = {isa = PBXBuildFile; fileRef = 6834E5E1231FFB7600A59574 /* LaunchScreen.storyboard */; };
/* End PBXBuildFile section */

/* Begin PBXFileReference section */
		6834E5D3231FFB7500A59574 /* ImageApiAlamofire.app */ = {isa = PBXFileReference; explicitFileType = wrapper.application; includeInIndex = 0; path = ImageApiAlamofire.app; sourceTree = BUILT_PRODUCTS_DIR; };
		6834E5D6231FFB7500A59574 /* AppDelegate.swift */ = {isa = PBXFileReference; lastKnownFileType = sourcecode.swift; path = AppDelegate.swift; sourceTree = "<group>"; };
		6834E5D8231FFB7500A59574 /* SceneDelegate.swift */ = {isa = PBXFileReference; lastKnownFileType = sourcecode.swift; path = SceneDelegate.swift; sourceTree = "<group>"; };
		6834E5DA231FFB7500A59574 /* ViewController.swift */ = {isa = PBXFileReference; lastKnownFileType = sourcecode.swift; path = ViewController.swift; sourceTree = "<group>"; };
		6834E5DD231FFB7500A59574 /* Base */ = {isa = PBXFileReference; lastKnownFileType = file.storyboard; name = Base; path = Base.lproj/Main.storyboard; sourceTree = "<group>"; };
		6834E5DF231FFB7600A59574 /* Assets.xcassets */ = {isa = PBXFileReference; lastKnownFileType = folder.assetcatalog; path = Assets.xcassets; sourceTree = "<group>"; };
		6834E5E2231FFB7600A59574 /* Base */ = {isa = PBXFileReference; lastKnownFileType = file.storyboard; name = Base; path = Base.lproj/LaunchScreen.storyboard; sourceTree = "<group>"; };
		6834E5E4231FFB7600A59574 /* Info.plist */ = {isa = PBXFileReference; lastKnownFileType = text.plist.xml; path = Info.plist; sourceTree = "<group>"; };
/* End PBXFileReference section */

/* Begin PBXFrameworksBuildPhase section */
		6834E5D0231FFB7500A59574 /* Frameworks */ = {
			isa = PBXFrameworksBuildPhase;
			buildActionMask = 2147483647;
			files = (
			);
			runOnlyForDeploymentPostprocessing = 0;
		};
/* End PBXFrameworksBuildPhase section */

/* Begin PBXGroup section */
		6834E5CA231FFB7500A59574 = {
			isa = PBXGroup;
			children = (
				6834E5D5231FFB7500A59574 /* ImageApiAlamofire */,
				6834E5D4231FFB7500A59574 /* Products */,
			);
			sourceTree = "<group>";
		};
		6834E5D4231FFB7500A59574 /* Products */ = {
			isa = PBXGroup;
			children = (
				6834E5D3231FFB7500A59574 /* ImageApiAlamofire.app */,
			);
			name = Products;
			sourceTree = "<group>";
		};
		6834E5D5231FFB7500A59574 /* ImageApiAlamofire */ = {
			isa = PBXGroup;
			children = (
				6834E5D6231FFB7500A59574 /* AppDelegate.swift */,
				6834E5D8231FFB7500A59574 /* SceneDelegate.swift */,
				6834E5DA231FFB7500A59574 /* ViewController.swift */,
				6834E5DC231FFB7500A59574 /* Main.storyboard */,
				6834E5DF231FFB7600A59574 /* Assets.xcassets */,
				6834E5E1231FFB7600A59574 /* LaunchScreen.storyboard */,
				6834E5E4231FFB7600A59574 /* Info.plist */,
			);
			path = ImageApiAlamofire;
			sourceTree = "<group>";
		};
/* End PBXGroup section */

/* Begin PBXNativeTarget section */
		6834E5D2231FFB7500A59574 /* ImageApiAlamofire */ = {
			isa = PBXNativeTarget;
			buildConfigurationList = 6834E5E7231FFB7600A59574 /* Build configuration list for PBXNativeTarget "ImageApiAlamofire" */;
			buildPhases = (
				6834E5CF231FFB7500A59574 /* Sources */,
				6834E5D0231FFB7500A59574 /* Frameworks */,
				6834E5D1231FFB7500A59574 /* Resources */,
			);
			buildRules = (
			);
			dependencies = (
			);
			name = ImageApiAlamofire;
			productName = ImageApiAlamofire;
			productReference = 6834E5D3231FFB7500A59574 /* ImageApiAlamofire.app */;
			productType = "com.apple.product-type.application";
		};
/* End PBXNativeTarget section */

/* Begin PBXProject section */
		6834E5CB231FFB7500A59574 /* Project object */ = {
			isa = PBXProject;
			attributes = {
				LastSwiftUpdateCheck = 1100;
				LastUpgradeCheck = 1100;
				ORGANIZATIONNAME = "Russell Archer";
				TargetAttributes = {
					6834E5D2231FFB7500A59574 = {
						CreatedOnToolsVersion = 11.0;
					};
				};
			};
			buildConfigurationList = 6834E5CE231FFB7500A59574 /* Build configuration list for PBXProject "ImageApiAlamofire" */;
			compatibilityVersion = "Xcode 9.3";
			developmentRegion = en;
			hasScannedForEncodings = 0;
			knownRegions = (
				en,
				Base,
			);
			mainGroup = 6834E5CA231FFB7500A59574;
			productRefGroup = 6834E5D4231FFB7500A59574 /* Products */;
			projectDirPath = "";
			projectRoot = "";
			targets = (
				6834E5D2231FFB7500A59574 /* ImageApiAlamofire */,
			);
		};
/* End PBXProject section */

/* Begin PBXResourcesBuildPhase section */
		6834E5D1231FFB7500A59574 /* Resources */ = {
			isa = PBXResourcesBuildPhase;
			buildActionMask = 2147483647;
			files = (
				6834E5E3231FFB7600A59574 /* LaunchScreen.storyboard in Resources */,
				6834E5E0231FFB7600A59574 /* Assets.xcassets in Resources */,
				6834E5DE231FFB7500A59574 /* Main.storyboard in Resources */,
			);
			runOnlyForDeploymentPostprocessing = 0;
		};
/* End PBXResourcesBuildPhase section */

/* Begin PBXSourcesBuildPhase section */
		6834E5CF231FFB7500A59574 /* Sources */ = {
			isa = PBXSourcesBuildPhase;
			buildActionMask = 2147483647;
			files = (
				6834E5DB231FFB7500A59574 /* ViewController.swift in Sources */,
				6834E5D7231FFB7500A59574 /* AppDelegate.swift in Sources */,
				6834E5D9231FFB7500A59574 /* SceneDelegate.swift in Sources */,
			);
			runOnlyForDeploymentPostprocessing = 0;
		};
/* End PBXSourcesBuildPhase section */

/* Begin PBXVariantGroup section */
		6834E5DC231FFB7500A59574 /* Main.storyboard */ = {
			isa = PBXVariantGroup;
			children = (
				6834E5DD231FFB7500A59574 /* Base */,
			);
			name = Main.storyboard;
			sourceTree = "<group>";
		};
		6834E5E1231FFB7600A59574 /* LaunchScreen.storyboard */ = {
			isa = PBXVariantGroup;
			children = (
				6834E5E2231FFB7600A59574 /* Base */,
			);
			name = LaunchScreen.storyboard;
			sourceTree = "<group>";
		};
/* End PBXVariantGroup section */

/* Begin XCBuildConfiguration section */
		6834E5E5231FFB7600A59574 /* Debug */ = {
			isa = XCBuildConfiguration;
			buildSettings = {
				ALWAYS_SEARCH_USER_PATHS = NO;
				CLANG_ANALYZER_NONNULL = YES;
				CLANG_ANALYZER_NUMBER_OBJECT_CONVERSION = YES_AGGRESSIVE;
				CLANG_CXX_LANGUAGE_STANDARD = "gnu++14";
				CLANG_CXX_LIBRARY = "libc++";
				CLANG_ENABLE_MODULES = YES;
				CLANG_ENABLE_OBJC_ARC = YES;
				CLANG_ENABLE_OBJC_WEAK = YES;
				CLANG_WARN_BLOCK_CAPTURE_AUTORELEASING = YES;
				CLANG_WARN_BOOL_CONVERSION = YES;
				CLANG_WARN_COMMA = YES;
				CLANG_WARN_CONSTANT_CONVERSION = YES;
				CLANG_WARN_DEPRECATED_OBJC_IMPLEMENTATIONS = YES;
				CLANG_WARN_DIRECT_OBJC_ISA_USAGE = YES_ERROR;
				CLANG_WARN_DOCUMENTATION_COMMENTS = YES;
				CLANG_WARN_EMPTY_BODY = YES;
				CLANG_WARN_ENUM_CONVERSION = YES;
				CLANG_WARN_INFINITE_RECURSION = YES;
				CLANG_WARN_INT_CONVERSION = YES;
				CLANG_WARN_NON_LITERAL_NULL_CONVERSION = YES;
				CLANG_WARN_OBJC_IMPLICIT_RETAIN_SELF = YES;
				CLANG_WARN_OBJC_LITERAL_CONVERSION = YES;
				CLANG_WARN_OBJC_ROOT_CLASS = YES_ERROR;
				CLANG_WARN_RANGE_LOOP_ANALYSIS = YES;
				CLANG_WARN_STRICT_PROTOTYPES = YES;
				CLANG_WARN_SUSPICIOUS_MOVE = YES;
				CLANG_WARN_UNGUARDED_AVAILABILITY = YES_AGGRESSIVE;
				CLANG_WARN_UNREACHABLE_CODE = YES;
				CLANG_WARN__DUPLICATE_METHOD_MATCH = YES;
				COPY_PHASE_STRIP = NO;
				DEBUG_INFORMATION_FORMAT = dwarf;
				ENABLE_STRICT_OBJC_MSGSEND = YES;
				ENABLE_TESTABILITY = YES;
				GCC_C_LANGUAGE_STANDARD = gnu11;
				GCC_DYNAMIC_NO_PIC = NO;
				GCC_NO_COMMON_BLOCKS = YES;
				GCC_OPTIMIZATION_LEVEL = 0;
				GCC_PREPROCESSOR_DEFINITIONS = (
					"DEBUG=1",
					"$(inherited)",
				);
				GCC_WARN_64_TO_32_BIT_CONVERSION = YES;
				GCC_WARN_ABOUT_RETURN_TYPE = YES_ERROR;
				GCC_WARN_UNDECLARED_SELECTOR = YES;
				GCC_WARN_UNINITIALIZED_AUTOS = YES_AGGRESSIVE;
				GCC_WARN_UNUSED_FUNCTION = YES;
				GCC_WARN_UNUSED_VARIABLE = YES;
				IPHONEOS_DEPLOYMENT_TARGET = 13.0;
				MTL_ENABLE_DEBUG_INFO = INCLUDE_SOURCE;
				MTL_FAST_MATH = YES;
				ONLY_ACTIVE_ARCH = YES;
				SDKROOT = iphoneos;
				SWIFT_ACTIVE_COMPILATION_CONDITIONS = DEBUG;
				SWIFT_OPTIMIZATION_LEVEL = "-Onone";
			};
			name = Debug;
		};
		6834E5E6231FFB7600A59574 /* Release */ = {
			isa = XCBuildConfiguration;
			buildSettings = {
				ALWAYS_SEARCH_USER_PATHS = NO;
				CLANG_ANALYZER_NONNULL = YES;
				CLANG_ANALYZER_NUMBER_OBJECT_CONVERSION = YES_AGGRESSIVE;
				CLANG_CXX_LANGUAGE_STANDARD = "gnu++14";
				CLANG_CXX_LIBRARY = "libc++";
				CLANG_ENABLE_MODULES = YES;
				CLANG_ENABLE_OBJC_ARC = YES;
				CLANG_ENABLE_OBJC_WEAK = YES;
				CLANG_WARN_BLOCK_CAPTURE_AUTORELEASING = YES;
				CLANG_WARN_BOOL_CONVERSION = YES;
				CLANG_WARN_COMMA = YES;
				CLANG_WARN_CONSTANT_CONVERSION = YES;
				CLANG_WARN_DEPRECATED_OBJC_IMPLEMENTATIONS = YES;
				CLANG_WARN_DIRECT_OBJC_ISA_USAGE = YES_ERROR;
				CLANG_WARN_DOCUMENTATION_COMMENTS = YES;
				CLANG_WARN_EMPTY_BODY = YES;
				CLANG_WARN_ENUM_CONVERSION = YES;
				CLANG_WARN_INFINITE_RECURSION = YES;
				CLANG_WARN_INT_CONVERSION = YES;
				CLANG_WARN_NON_LITERAL_NULL_CONVERSION = YES;
				CLANG_WARN_OBJC_IMPLICIT_RETAIN_SELF = YES;
				CLANG_WARN_OBJC_LITERAL_CONVERSION = YES;
				CLANG_WARN_OBJC_ROOT_CLASS = YES_ERROR;
				CLANG_WARN_RANGE_LOOP_ANALYSIS = YES;
				CLANG_WARN_STRICT_PROTOTYPES = YES;
				CLANG_WARN_SUSPICIOUS_MOVE = YES;
				CLANG_WARN_UNGUARDED_AVAILABILITY = YES_AGGRESSIVE;
				CLANG_WARN_UNREACHABLE_CODE = YES;
				CLANG_WARN__DUPLICATE_METHOD_MATCH = YES;
				COPY_PHASE_STRIP = NO;
				DEBUG_INFORMATION_FORMAT = "dwarf-with-dsym";
				ENABLE_NS_ASSERTIONS = NO;
				ENABLE_STRICT_OBJC_MSGSEND = YES;
				GCC_C_LANGUAGE_STANDARD = gnu11;
				GCC_NO_COMMON_BLOCKS = YES;
				GCC_WARN_64_TO_32_BIT_CONVERSION = YES;
				GCC_WARN_ABOUT_RETURN_TYPE = YES_ERROR;
				GCC_WARN_UNDECLARED_SELECTOR = YES;
				GCC_WARN_UNINITIALIZED_AUTOS = YES_AGGRESSIVE;
				GCC_WARN_UNUSED_FUNCTION = YES;
				GCC_WARN_UNUSED_VARIABLE = YES;
				IPHONEOS_DEPLOYMENT_TARGET = 13.0;
				MTL_ENABLE_DEBUG_INFO = NO;
				MTL_FAST_MATH = YES;
				SDKROOT = iphoneos;
				SWIFT_COMPILATION_MODE = wholemodule;
				SWIFT_OPTIMIZATION_LEVEL = "-O";
				VALIDATE_PRODUCT = YES;
			};
			name = Release;
		};
		6834E5E8231FFB7600A59574 /* Debug */ = {
			isa = XCBuildConfiguration;
			buildSettings = {
				ASSETCATALOG_COMPILER_APPICON_NAME = AppIcon;
				CODE_SIGN_STYLE = Automatic;
				DEVELOPMENT_TEAM = R6BE99W3FU;
				INFOPLIST_FILE = ImageApiAlamofire/Info.plist;
				LD_RUNPATH_SEARCH_PATHS = (
					"$(inherited)",
					"@executable_path/Frameworks",
				);
				PRODUCT_BUNDLE_IDENTIFIER = com.rarcher.ImageApiAlamofire;
				PRODUCT_NAME = "$(TARGET_NAME)";
				SWIFT_VERSION = 5.0;
				TARGETED_DEVICE_FAMILY = "1,2";
			};
			name = Debug;
		};
		6834E5E9231FFB7600A59574 /* Release */ = {
			isa = XCBuildConfiguration;
			buildSettings = {
				ASSETCATALOG_COMPILER_APPICON_NAME = AppIcon;
				CODE_SIGN_STYLE = Automatic;
				DEVELOPMENT_TEAM = R6BE99W3FU;
				INFOPLIST_FILE = ImageApiAlamofire/Info.plist;
				LD_RUNPATH_SEARCH_PATHS = (
					"$(inherited)",
					"@executable_path/Frameworks",
				);
				PRODUCT_BUNDLE_IDENTIFIER = com.rarcher.ImageApiAlamofire;
				PRODUCT_NAME = "$(TARGET_NAME)";
				SWIFT_VERSION = 5.0;
				TARGETED_DEVICE_FAMILY = "1,2";
			};
			name = Release;
		};
/* End XCBuildConfiguration section */

/* Begin XCConfigurationList section */
		6834E5CE231FFB7500A59574 /* Build configuration list for PBXProject "ImageApiAlamofire" */ = {
			isa = XCConfigurationList;
			buildConfigurations = (
				6834E5E5231FFB7600A59574 /* Debug */,
				6834E5E6231FFB7600A59574 /* Release */,
			);
			defaultConfigurationIsVisible = 0;
			defaultConfigurationName = Release;
		};
		6834E5E7231FFB7600A59574 /* Build configuration list for PBXNativeTarget "ImageApiAlamofire" */ = {
			isa = XCConfigurationList;
			buildConfigurations = (
				6834E5E8231FFB7600A59574 /* Debug */,
				6834E5E9231FFB7600A59574 /* Release */,
			);
			defaultConfigurationIsVisible = 0;
			defaultConfigurationName = Release;
		};
/* End XCConfigurationList section */
	};
	rootObject = 6834E5CB231FFB7500A59574 /* Project object */;
}
